
Microsoft Visual Studio Solution File, Format Version 11.00
# Visual Studio 2010
Project("{FAE04EC0-301F-11D3-BF4B-00C04F79EFBC}") = "ProgFunda14jan16", "ConsoleApplication4\ProgFunda14jan16.csproj", "{8E2A2A7F-9653-4988-86AA-94AAEB2B2B95}"
EndProject
Global
	GlobalSection(SolutionConfigurationPlatforms) = preSolution
		Debug|x86 = Debug|x86
		Release|x86 = Release|x86
	EndGlobalSection
	GlobalSection(ProjectConfigurationPlatforms) = postSolution
		{8E2A2A7F-9653-4988-86AA-94AAEB2B2B95}.Debug|x86.ActiveCfg = Debug|x86
		{8E2A2A7F-9653-4988-86AA-94AAEB2B2B95}.Debug|x86.Build.0 = Debug|x86
		{8E2A2A7F-9653-4988-86AA-94AAEB2B2B95}.Release|x86.ActiveCfg = Release|x86
		{8E2A2A7F-9653-4988-86AA-94AAEB2B2B95}.Release|x86.Build.0 = Release|x86
	EndGlobalSection
	GlobalSection(SolutionProperties) = preSolution
		HideSolutionNode = FALSE
	EndGlobalSection
EndGlobal
